// !$*UTF8*$!
{
	archiveVersion = 1;
	classes = {
	};
	objectVersion = 55;
	objects = {

/* Begin PBXBuildFile section */
		08592B362752F53A006E830C /* ComunicationLabApp.swift in Sources */ = {isa = PBXBuildFile; fileRef = 08592B352752F53A006E830C /* ComunicationLabApp.swift */; };
		08592B382752F53A006E830C /* ContentView.swift in Sources */ = {isa = PBXBuildFile; fileRef = 08592B372752F53A006E830C /* ContentView.swift */; };
		08592B3A2752F53B006E830C /* Assets.xcassets in Resources */ = {isa = PBXBuildFile; fileRef = 08592B392752F53B006E830C /* Assets.xcassets */; };
		08592B3D2752F53B006E830C /* Preview Assets.xcassets in Resources */ = {isa = PBXBuildFile; fileRef = 08592B3C2752F53B006E830C /* Preview Assets.xcassets */; };
		08592B3F2752F53B006E830C /* Persistence.swift in Sources */ = {isa = PBXBuildFile; fileRef = 08592B3E2752F53B006E830C /* Persistence.swift */; };
		08592B422752F53B006E830C /* ComunicationLab.xcdatamodeld in Sources */ = {isa = PBXBuildFile; fileRef = 08592B402752F53B006E830C /* ComunicationLab.xcdatamodeld */; };
		08592B4D2752F802006E830C /* Assets.xcassets in Resources */ = {isa = PBXBuildFile; fileRef = 08592B4C2752F802006E830C /* Assets.xcassets */; };
		08592B532752F803006E830C /* ComunicationLabWatch WatchKit Extension.appex in Embed App Extensions */ = {isa = PBXBuildFile; fileRef = 08592B522752F803006E830C /* ComunicationLabWatch WatchKit Extension.appex */; settings = {ATTRIBUTES = (RemoveHeadersOnCopy, ); }; };
		08592B582752F803006E830C /* ContentView.swift in Sources */ = {isa = PBXBuildFile; fileRef = 08592B572752F803006E830C /* ContentView.swift */; };
		08592B5A2752F803006E830C /* ComunicationLabApp.swift in Sources */ = {isa = PBXBuildFile; fileRef = 08592B592752F803006E830C /* ComunicationLabApp.swift */; };
		08592B5C2752F803006E830C /* ComplicationController.swift in Sources */ = {isa = PBXBuildFile; fileRef = 08592B5B2752F803006E830C /* ComplicationController.swift */; };
		08592B5E2752F803006E830C /* Assets.xcassets in Resources */ = {isa = PBXBuildFile; fileRef = 08592B5D2752F803006E830C /* Assets.xcassets */; };
		08592B612752F803006E830C /* Preview Assets.xcassets in Resources */ = {isa = PBXBuildFile; fileRef = 08592B602752F803006E830C /* Preview Assets.xcassets */; };
		08592B652752F803006E830C /* ComunicationLabWatch.app in Embed Watch Content */ = {isa = PBXBuildFile; fileRef = 08592B4A2752F801006E830C /* ComunicationLabWatch.app */; settings = {ATTRIBUTES = (RemoveHeadersOnCopy, ); }; };
		08592B6F2752F9DB006E830C /* ContentViewModel.swift in Sources */ = {isa = PBXBuildFile; fileRef = 08592B6E2752F9DB006E830C /* ContentViewModel.swift */; };
		08592B712752FA4C006E830C /* ContentViewModel.swift in Sources */ = {isa = PBXBuildFile; fileRef = 08592B702752FA4C006E830C /* ContentViewModel.swift */; };
/* End PBXBuildFile section */

/* Begin PBXContainerItemProxy section */
		08592B542752F803006E830C /* PBXContainerItemProxy */ = {
			isa = PBXContainerItemProxy;
			containerPortal = 08592B2A2752F53A006E830C /* Project object */;
			proxyType = 1;
			remoteGlobalIDString = 08592B512752F803006E830C;
			remoteInfo = "ComunicationLabWatch WatchKit Extension";
		};
		08592B632752F803006E830C /* PBXContainerItemProxy */ = {
			isa = PBXContainerItemProxy;
			containerPortal = 08592B2A2752F53A006E830C /* Project object */;
			proxyType = 1;
			remoteGlobalIDString = 08592B492752F801006E830C;
			remoteInfo = ComunicationLabWatch;
		};
/* End PBXContainerItemProxy section */

/* Begin PBXCopyFilesBuildPhase section */
		08592B692752F803006E830C /* Embed App Extensions */ = {
			isa = PBXCopyFilesBuildPhase;
			buildActionMask = 2147483647;
			dstPath = "";
			dstSubfolderSpec = 13;
			files = (
				08592B532752F803006E830C /* ComunicationLabWatch WatchKit Extension.appex in Embed App Extensions */,
			);
			name = "Embed App Extensions";
			runOnlyForDeploymentPostprocessing = 0;
		};
		08592B6D2752F803006E830C /* Embed Watch Content */ = {
			isa = PBXCopyFilesBuildPhase;
			buildActionMask = 2147483647;
			dstPath = "$(CONTENTS_FOLDER_PATH)/Watch";
			dstSubfolderSpec = 16;
			files = (
				08592B652752F803006E830C /* ComunicationLabWatch.app in Embed Watch Content */,
			);
			name = "Embed Watch Content";
			runOnlyForDeploymentPostprocessing = 0;
		};
/* End PBXCopyFilesBuildPhase section */

/* Begin PBXFileReference section */
		08592B322752F53A006E830C /* ComunicationLab.app */ = {isa = PBXFileReference; explicitFileType = wrapper.application; includeInIndex = 0; path = ComunicationLab.app; sourceTree = BUILT_PRODUCTS_DIR; };
		08592B352752F53A006E830C /* ComunicationLabApp.swift */ = {isa = PBXFileReference; lastKnownFileType = sourcecode.swift; path = ComunicationLabApp.swift; sourceTree = "<group>"; };
		08592B372752F53A006E830C /* ContentView.swift */ = {isa = PBXFileReference; lastKnownFileType = sourcecode.swift; path = ContentView.swift; sourceTree = "<group>"; };
		08592B392752F53B006E830C /* Assets.xcassets */ = {isa = PBXFileReference; lastKnownFileType = folder.assetcatalog; path = Assets.xcassets; sourceTree = "<group>"; };
		08592B3C2752F53B006E830C /* Preview Assets.xcassets */ = {isa = PBXFileReference; lastKnownFileType = folder.assetcatalog; path = "Preview Assets.xcassets"; sourceTree = "<group>"; };
		08592B3E2752F53B006E830C /* Persistence.swift */ = {isa = PBXFileReference; lastKnownFileType = sourcecode.swift; path = Persistence.swift; sourceTree = "<group>"; };
		08592B412752F53B006E830C /* ComunicationLab.xcdatamodel */ = {isa = PBXFileReference; lastKnownFileType = wrapper.xcdatamodel; path = ComunicationLab.xcdatamodel; sourceTree = "<group>"; };
		08592B4A2752F801006E830C /* ComunicationLabWatch.app */ = {isa = PBXFileReference; explicitFileType = wrapper.application; includeInIndex = 0; path = ComunicationLabWatch.app; sourceTree = BUILT_PRODUCTS_DIR; };
		08592B4C2752F802006E830C /* Assets.xcassets */ = {isa = PBXFileReference; lastKnownFileType = folder.assetcatalog; path = Assets.xcassets; sourceTree = "<group>"; };
		08592B522752F803006E830C /* ComunicationLabWatch WatchKit Extension.appex */ = {isa = PBXFileReference; explicitFileType = "wrapper.app-extension"; includeInIndex = 0; path = "ComunicationLabWatch WatchKit Extension.appex"; sourceTree = BUILT_PRODUCTS_DIR; };
		08592B572752F803006E830C /* ContentView.swift */ = {isa = PBXFileReference; lastKnownFileType = sourcecode.swift; path = ContentView.swift; sourceTree = "<group>"; };
		08592B592752F803006E830C /* ComunicationLabApp.swift */ = {isa = PBXFileReference; lastKnownFileType = sourcecode.swift; path = ComunicationLabApp.swift; sourceTree = "<group>"; };
		08592B5B2752F803006E830C /* ComplicationController.swift */ = {isa = PBXFileReference; lastKnownFileType = sourcecode.swift; path = ComplicationController.swift; sourceTree = "<group>"; };
		08592B5D2752F803006E830C /* Assets.xcassets */ = {isa = PBXFileReference; lastKnownFileType = folder.assetcatalog; path = Assets.xcassets; sourceTree = "<group>"; };
		08592B602752F803006E830C /* Preview Assets.xcassets */ = {isa = PBXFileReference; lastKnownFileType = folder.assetcatalog; path = "Preview Assets.xcassets"; sourceTree = "<group>"; };
		08592B622752F803006E830C /* Info.plist */ = {isa = PBXFileReference; lastKnownFileType = text.plist.xml; path = Info.plist; sourceTree = "<group>"; };
		08592B6E2752F9DB006E830C /* ContentViewModel.swift */ = {isa = PBXFileReference; lastKnownFileType = sourcecode.swift; path = ContentViewModel.swift; sourceTree = "<group>"; };
		08592B702752FA4C006E830C /* ContentViewModel.swift */ = {isa = PBXFileReference; lastKnownFileType = sourcecode.swift; path = ContentViewModel.swift; sourceTree = "<group>"; };
/* End PBXFileReference section */

/* Begin PBXFrameworksBuildPhase section */
		08592B2F2752F53A006E830C /* Frameworks */ = {
			isa = PBXFrameworksBuildPhase;
			buildActionMask = 2147483647;
			files = (
			);
			runOnlyForDeploymentPostprocessing = 0;
		};
		08592B4F2752F803006E830C /* Frameworks */ = {
			isa = PBXFrameworksBuildPhase;
			buildActionMask = 2147483647;
			files = (
			);
			runOnlyForDeploymentPostprocessing = 0;
		};
/* End PBXFrameworksBuildPhase section */

/* Begin PBXGroup section */
		08592B292752F53A006E830C = {
			isa = PBXGroup;
			children = (
				08592B342752F53A006E830C /* ComunicationLab */,
				08592B4B2752F801006E830C /* ComunicationLabWatch */,
				08592B562752F803006E830C /* ComunicationLabWatch WatchKit Extension */,
				08592B332752F53A006E830C /* Products */,
			);
			sourceTree = "<group>";
		};
		08592B332752F53A006E830C /* Products */ = {
			isa = PBXGroup;
			children = (
				08592B322752F53A006E830C /* ComunicationLab.app */,
				08592B4A2752F801006E830C /* ComunicationLabWatch.app */,
				08592B522752F803006E830C /* ComunicationLabWatch WatchKit Extension.appex */,
			);
			name = Products;
			sourceTree = "<group>";
		};
		08592B342752F53A006E830C /* ComunicationLab */ = {
			isa = PBXGroup;
			children = (
				08592B352752F53A006E830C /* ComunicationLabApp.swift */,
				08592B372752F53A006E830C /* ContentView.swift */,
				08592B6E2752F9DB006E830C /* ContentViewModel.swift */,
				08592B392752F53B006E830C /* Assets.xcassets */,
				08592B3E2752F53B006E830C /* Persistence.swift */,
				08592B402752F53B006E830C /* ComunicationLab.xcdatamodeld */,
				08592B3B2752F53B006E830C /* Preview Content */,
			);
			path = ComunicationLab;
			sourceTree = "<group>";
		};
		08592B3B2752F53B006E830C /* Preview Content */ = {
			isa = PBXGroup;
			children = (
				08592B3C2752F53B006E830C /* Preview Assets.xcassets */,
			);
			path = "Preview Content";
			sourceTree = "<group>";
		};
		08592B4B2752F801006E830C /* ComunicationLabWatch */ = {
			isa = PBXGroup;
			children = (
				08592B4C2752F802006E830C /* Assets.xcassets */,
			);
			path = ComunicationLabWatch;
			sourceTree = "<group>";
		};
		08592B562752F803006E830C /* ComunicationLabWatch WatchKit Extension */ = {
			isa = PBXGroup;
			children = (
				08592B572752F803006E830C /* ContentView.swift */,
				08592B702752FA4C006E830C /* ContentViewModel.swift */,
				08592B592752F803006E830C /* ComunicationLabApp.swift */,
				08592B5B2752F803006E830C /* ComplicationController.swift */,
				08592B5D2752F803006E830C /* Assets.xcassets */,
				08592B622752F803006E830C /* Info.plist */,
				08592B5F2752F803006E830C /* Preview Content */,
			);
			path = "ComunicationLabWatch WatchKit Extension";
			sourceTree = "<group>";
		};
		08592B5F2752F803006E830C /* Preview Content */ = {
			isa = PBXGroup;
			children = (
				08592B602752F803006E830C /* Preview Assets.xcassets */,
			);
			path = "Preview Content";
			sourceTree = "<group>";
		};
/* End PBXGroup section */

/* Begin PBXNativeTarget section */
		08592B312752F53A006E830C /* ComunicationLab */ = {
			isa = PBXNativeTarget;
			buildConfigurationList = 08592B452752F53B006E830C /* Build configuration list for PBXNativeTarget "ComunicationLab" */;
			buildPhases = (
				08592B2E2752F53A006E830C /* Sources */,
				08592B2F2752F53A006E830C /* Frameworks */,
				08592B302752F53A006E830C /* Resources */,
				08592B6D2752F803006E830C /* Embed Watch Content */,
			);
			buildRules = (
			);
			dependencies = (
				08592B642752F803006E830C /* PBXTargetDependency */,
			);
			name = ComunicationLab;
			productName = ComunicationLab;
			productReference = 08592B322752F53A006E830C /* ComunicationLab.app */;
			productType = "com.apple.product-type.application";
		};
		08592B492752F801006E830C /* ComunicationLabWatch */ = {
			isa = PBXNativeTarget;
			buildConfigurationList = 08592B6A2752F803006E830C /* Build configuration list for PBXNativeTarget "ComunicationLabWatch" */;
			buildPhases = (
				08592B482752F801006E830C /* Resources */,
				08592B692752F803006E830C /* Embed App Extensions */,
			);
			buildRules = (
			);
			dependencies = (
				08592B552752F803006E830C /* PBXTargetDependency */,
			);
			name = ComunicationLabWatch;
			productName = ComunicationLabWatch;
			productReference = 08592B4A2752F801006E830C /* ComunicationLabWatch.app */;
			productType = "com.apple.product-type.application.watchapp2";
		};
		08592B512752F803006E830C /* ComunicationLabWatch WatchKit Extension */ = {
			isa = PBXNativeTarget;
			buildConfigurationList = 08592B662752F803006E830C /* Build configuration list for PBXNativeTarget "ComunicationLabWatch WatchKit Extension" */;
			buildPhases = (
				08592B4E2752F803006E830C /* Sources */,
				08592B4F2752F803006E830C /* Frameworks */,
				08592B502752F803006E830C /* Resources */,
			);
			buildRules = (
			);
			dependencies = (
			);
			name = "ComunicationLabWatch WatchKit Extension";
			productName = "ComunicationLabWatch WatchKit Extension";
			productReference = 08592B522752F803006E830C /* ComunicationLabWatch WatchKit Extension.appex */;
			productType = "com.apple.product-type.watchkit2-extension";
		};
/* End PBXNativeTarget section */

/* Begin PBXProject section */
		08592B2A2752F53A006E830C /* Project object */ = {
			isa = PBXProject;
			attributes = {
				BuildIndependentTargetsInParallel = 1;
				LastSwiftUpdateCheck = 1310;
				LastUpgradeCheck = 1310;
				TargetAttributes = {
					08592B312752F53A006E830C = {
						CreatedOnToolsVersion = 13.1;
					};
					08592B492752F801006E830C = {
						CreatedOnToolsVersion = 13.1;
					};
					08592B512752F803006E830C = {
						CreatedOnToolsVersion = 13.1;
					};
				};
			};
			buildConfigurationList = 08592B2D2752F53A006E830C /* Build configuration list for PBXProject "ComunicationLab" */;
			compatibilityVersion = "Xcode 13.0";
			developmentRegion = en;
			hasScannedForEncodings = 0;
			knownRegions = (
				en,
				Base,
			);
			mainGroup = 08592B292752F53A006E830C;
			productRefGroup = 08592B332752F53A006E830C /* Products */;
			projectDirPath = "";
			projectRoot = "";
			targets = (
				08592B312752F53A006E830C /* ComunicationLab */,
				08592B492752F801006E830C /* ComunicationLabWatch */,
				08592B512752F803006E830C /* ComunicationLabWatch WatchKit Extension */,
			);
		};
/* End PBXProject section */

/* Begin PBXResourcesBuildPhase section */
		08592B302752F53A006E830C /* Resources */ = {
			isa = PBXResourcesBuildPhase;
			buildActionMask = 2147483647;
			files = (
				08592B3D2752F53B006E830C /* Preview Assets.xcassets in Resources */,
				08592B3A2752F53B006E830C /* Assets.xcassets in Resources */,
			);
			runOnlyForDeploymentPostprocessing = 0;
		};
		08592B482752F801006E830C /* Resources */ = {
			isa = PBXResourcesBuildPhase;
			buildActionMask = 2147483647;
			files = (
				08592B4D2752F802006E830C /* Assets.xcassets in Resources */,
			);
			runOnlyForDeploymentPostprocessing = 0;
		};
		08592B502752F803006E830C /* Resources */ = {
			isa = PBXResourcesBuildPhase;
			buildActionMask = 2147483647;
			files = (
				08592B612752F803006E830C /* Preview Assets.xcassets in Resources */,
				08592B5E2752F803006E830C /* Assets.xcassets in Resources */,
			);
			runOnlyForDeploymentPostprocessing = 0;
		};
/* End PBXResourcesBuildPhase section */

/* Begin PBXSourcesBuildPhase section */
		08592B2E2752F53A006E830C /* Sources */ = {
			isa = PBXSourcesBuildPhase;
			buildActionMask = 2147483647;
			files = (
				08592B422752F53B006E830C /* ComunicationLab.xcdatamodeld in Sources */,
				08592B3F2752F53B006E830C /* Persistence.swift in Sources */,
				08592B382752F53A006E830C /* ContentView.swift in Sources */,
				08592B362752F53A006E830C /* ComunicationLabApp.swift in Sources */,
				08592B6F2752F9DB006E830C /* ContentViewModel.swift in Sources */,
			);
			runOnlyForDeploymentPostprocessing = 0;
		};
		08592B4E2752F803006E830C /* Sources */ = {
			isa = PBXSourcesBuildPhase;
			buildActionMask = 2147483647;
			files = (
				08592B712752FA4C006E830C /* ContentViewModel.swift in Sources */,
				08592B5A2752F803006E830C /* ComunicationLabApp.swift in Sources */,
				08592B582752F803006E830C /* ContentView.swift in Sources */,
				08592B5C2752F803006E830C /* ComplicationController.swift in Sources */,
			);
			runOnlyForDeploymentPostprocessing = 0;
		};
/* End PBXSourcesBuildPhase section */

/* Begin PBXTargetDependency section */
		08592B552752F803006E830C /* PBXTargetDependency */ = {
			isa = PBXTargetDependency;
			target = 08592B512752F803006E830C /* ComunicationLabWatch WatchKit Extension */;
			targetProxy = 08592B542752F803006E830C /* PBXContainerItemProxy */;
		};
		08592B642752F803006E830C /* PBXTargetDependency */ = {
			isa = PBXTargetDependency;
			target = 08592B492752F801006E830C /* ComunicationLabWatch */;
			targetProxy = 08592B632752F803006E830C /* PBXContainerItemProxy */;
		};
/* End PBXTargetDependency section */

/* Begin XCBuildConfiguration section */
		08592B432752F53B006E830C /* Debug */ = {
			isa = XCBuildConfiguration;
			buildSettings = {
				ALWAYS_SEARCH_USER_PATHS = NO;
				CLANG_ANALYZER_NONNULL = YES;
				CLANG_ANALYZER_NUMBER_OBJECT_CONVERSION = YES_AGGRESSIVE;
				CLANG_CXX_LANGUAGE_STANDARD = "gnu++17";
				CLANG_CXX_LIBRARY = "libc++";
				CLANG_ENABLE_MODULES = YES;
				CLANG_ENABLE_OBJC_ARC = YES;
				CLANG_ENABLE_OBJC_WEAK = YES;
				CLANG_WARN_BLOCK_CAPTURE_AUTORELEASING = YES;
				CLANG_WARN_BOOL_CONVERSION = YES;
				CLANG_WARN_COMMA = YES;
				CLANG_WARN_CONSTANT_CONVERSION = YES;
				CLANG_WARN_DEPRECATED_OBJC_IMPLEMENTATIONS = YES;
				CLANG_WARN_DIRECT_OBJC_ISA_USAGE = YES_ERROR;
				CLANG_WARN_DOCUMENTATION_COMMENTS = YES;
				CLANG_WARN_EMPTY_BODY = YES;
				CLANG_WARN_ENUM_CONVERSION = YES;
				CLANG_WARN_INFINITE_RECURSION = YES;
				CLANG_WARN_INT_CONVERSION = YES;
				CLANG_WARN_NON_LITERAL_NULL_CONVERSION = YES;
				CLANG_WARN_OBJC_IMPLICIT_RETAIN_SELF = YES;
				CLANG_WARN_OBJC_LITERAL_CONVERSION = YES;
				CLANG_WARN_OBJC_ROOT_CLASS = YES_ERROR;
				CLANG_WARN_QUOTED_INCLUDE_IN_FRAMEWORK_HEADER = YES;
				CLANG_WARN_RANGE_LOOP_ANALYSIS = YES;
				CLANG_WARN_STRICT_PROTOTYPES = YES;
				CLANG_WARN_SUSPICIOUS_MOVE = YES;
				CLANG_WARN_UNGUARDED_AVAILABILITY = YES_AGGRESSIVE;
				CLANG_WARN_UNREACHABLE_CODE = YES;
				CLANG_WARN__DUPLICATE_METHOD_MATCH = YES;
				COPY_PHASE_STRIP = NO;
				DEBUG_INFORMATION_FORMAT = dwarf;
				ENABLE_STRICT_OBJC_MSGSEND = YES;
				ENABLE_TESTABILITY = YES;
				GCC_C_LANGUAGE_STANDARD = gnu11;
				GCC_DYNAMIC_NO_PIC = NO;
				GCC_NO_COMMON_BLOCKS = YES;
				GCC_OPTIMIZATION_LEVEL = 0;
				GCC_PREPROCESSOR_DEFINITIONS = (
					"DEBUG=1",
					"$(inherited)",
				);
				GCC_WARN_64_TO_32_BIT_CONVERSION = YES;
				GCC_WARN_ABOUT_RETURN_TYPE = YES_ERROR;
				GCC_WARN_UNDECLARED_SELECTOR = YES;
				GCC_WARN_UNINITIALIZED_AUTOS = YES_AGGRESSIVE;
				GCC_WARN_UNUSED_FUNCTION = YES;
				GCC_WARN_UNUSED_VARIABLE = YES;
				IPHONEOS_DEPLOYMENT_TARGET = 15.0;
				MTL_ENABLE_DEBUG_INFO = INCLUDE_SOURCE;
				MTL_FAST_MATH = YES;
				ONLY_ACTIVE_ARCH = YES;
				SDKROOT = iphoneos;
				SWIFT_ACTIVE_COMPILATION_CONDITIONS = DEBUG;
				SWIFT_OPTIMIZATION_LEVEL = "-Onone";
			};
			name = Debug;
		};
		08592B442752F53B006E830C /* Release */ = {
			isa = XCBuildConfiguration;
			buildSettings = {
				ALWAYS_SEARCH_USER_PATHS = NO;
				CLANG_ANALYZER_NONNULL = YES;
				CLANG_ANALYZER_NUMBER_OBJECT_CONVERSION = YES_AGGRESSIVE;
				CLANG_CXX_LANGUAGE_STANDARD = "gnu++17";
				CLANG_CXX_LIBRARY = "libc++";
				CLANG_ENABLE_MODULES = YES;
				CLANG_ENABLE_OBJC_ARC = YES;
				CLANG_ENABLE_OBJC_WEAK = YES;
				CLANG_WARN_BLOCK_CAPTURE_AUTORELEASING = YES;
				CLANG_WARN_BOOL_CONVERSION = YES;
				CLANG_WARN_COMMA = YES;
				CLANG_WARN_CONSTANT_CONVERSION = YES;
				CLANG_WARN_DEPRECATED_OBJC_IMPLEMENTATIONS = YES;
				CLANG_WARN_DIRECT_OBJC_ISA_USAGE = YES_ERROR;
				CLANG_WARN_DOCUMENTATION_COMMENTS = YES;
				CLANG_WARN_EMPTY_BODY = YES;
				CLANG_WARN_ENUM_CONVERSION = YES;
				CLANG_WARN_INFINITE_RECURSION = YES;
				CLANG_WARN_INT_CONVERSION = YES;
				CLANG_WARN_NON_LITERAL_NULL_CONVERSION = YES;
				CLANG_WARN_OBJC_IMPLICIT_RETAIN_SELF = YES;
				CLANG_WARN_OBJC_LITERAL_CONVERSION = YES;
				CLANG_WARN_OBJC_ROOT_CLASS = YES_ERROR;
				CLANG_WARN_QUOTED_INCLUDE_IN_FRAMEWORK_HEADER = YES;
				CLANG_WARN_RANGE_LOOP_ANALYSIS = YES;
				CLANG_WARN_STRICT_PROTOTYPES = YES;
				CLANG_WARN_SUSPICIOUS_MOVE = YES;
				CLANG_WARN_UNGUARDED_AVAILABILITY = YES_AGGRESSIVE;
				CLANG_WARN_UNREACHABLE_CODE = YES;
				CLANG_WARN__DUPLICATE_METHOD_MATCH = YES;
				COPY_PHASE_STRIP = NO;
				DEBUG_INFORMATION_FORMAT = "dwarf-with-dsym";
				ENABLE_NS_ASSERTIONS = NO;
				ENABLE_STRICT_OBJC_MSGSEND = YES;
				GCC_C_LANGUAGE_STANDARD = gnu11;
				GCC_NO_COMMON_BLOCKS = YES;
				GCC_WARN_64_TO_32_BIT_CONVERSION = YES;
				GCC_WARN_ABOUT_RETURN_TYPE = YES_ERROR;
				GCC_WARN_UNDECLARED_SELECTOR = YES;
				GCC_WARN_UNINITIALIZED_AUTOS = YES_AGGRESSIVE;
				GCC_WARN_UNUSED_FUNCTION = YES;
				GCC_WARN_UNUSED_VARIABLE = YES;
				IPHONEOS_DEPLOYMENT_TARGET = 15.0;
				MTL_ENABLE_DEBUG_INFO = NO;
				MTL_FAST_MATH = YES;
				SDKROOT = iphoneos;
				SWIFT_COMPILATION_MODE = wholemodule;
				SWIFT_OPTIMIZATION_LEVEL = "-O";
				VALIDATE_PRODUCT = YES;
			};
			name = Release;
		};
		08592B462752F53B006E830C /* Debug */ = {
			isa = XCBuildConfiguration;
			buildSettings = {
				ASSETCATALOG_COMPILER_APPICON_NAME = AppIcon;
				ASSETCATALOG_COMPILER_GLOBAL_ACCENT_COLOR_NAME = AccentColor;
				CODE_SIGN_STYLE = Automatic;
				CURRENT_PROJECT_VERSION = 1;
				DEVELOPMENT_ASSET_PATHS = "\"ComunicationLab/Preview Content\"";
				DEVELOPMENT_TEAM = CPX7FN2K89;
				ENABLE_PREVIEWS = YES;
				GENERATE_INFOPLIST_FILE = YES;
				INFOPLIST_KEY_UIApplicationSceneManifest_Generation = YES;
				INFOPLIST_KEY_UIApplicationSupportsIndirectInputEvents = YES;
				INFOPLIST_KEY_UILaunchScreen_Generation = YES;
				INFOPLIST_KEY_UISupportedInterfaceOrientations_iPad = "UIInterfaceOrientationPortrait UIInterfaceOrientationPortraitUpsideDown UIInterfaceOrientationLandscapeLeft UIInterfaceOrientationLandscapeRight";
				INFOPLIST_KEY_UISupportedInterfaceOrientations_iPhone = "UIInterfaceOrientationPortrait UIInterfaceOrientationLandscapeLeft UIInterfaceOrientationLandscapeRight";
				LD_RUNPATH_SEARCH_PATHS = (
					"$(inherited)",
					"@executable_path/Frameworks",
				);
				MARKETING_VERSION = 1.0;
				PRODUCT_BUNDLE_IDENTIFIER = dev.erikflores.ComunicationLab;
				PRODUCT_NAME = "$(TARGET_NAME)";
				SWIFT_EMIT_LOC_STRINGS = YES;
				SWIFT_VERSION = 5.0;
				TARGETED_DEVICE_FAMILY = "1,2";
			};
			name = Debug;
		};
		08592B472752F53B006E830C /* Release */ = {
			isa = XCBuildConfiguration;
			buildSettings = {
				ASSETCATALOG_COMPILER_APPICON_NAME = AppIcon;
				ASSETCATALOG_COMPILER_GLOBAL_ACCENT_COLOR_NAME = AccentColor;
				CODE_SIGN_STYLE = Automatic;
				CURRENT_PROJECT_VERSION = 1;
				DEVELOPMENT_ASSET_PATHS = "\"ComunicationLab/Preview Content\"";
				DEVELOPMENT_TEAM = CPX7FN2K89;
				ENABLE_PREVIEWS = YES;
				GENERATE_INFOPLIST_FILE = YES;
				INFOPLIST_KEY_UIApplicationSceneManifest_Generation = YES;
				INFOPLIST_KEY_UIApplicationSupportsIndirectInputEvents = YES;
				INFOPLIST_KEY_UILaunchScreen_Generation = YES;
				INFOPLIST_KEY_UISupportedInterfaceOrientations_iPad = "UIInterfaceOrientationPortrait UIInterfaceOrientationPortraitUpsideDown UIInterfaceOrientationLandscapeLeft UIInterfaceOrientationLandscapeRight";
				INFOPLIST_KEY_UISupportedInterfaceOrientations_iPhone = "UIInterfaceOrientationPortrait UIInterfaceOrientationLandscapeLeft UIInterfaceOrientationLandscapeRight";
				LD_RUNPATH_SEARCH_PATHS = (
					"$(inherited)",
					"@executable_path/Frameworks",
				);
				MARKETING_VERSION = 1.0;
				PRODUCT_BUNDLE_IDENTIFIER = dev.erikflores.ComunicationLab;
				PRODUCT_NAME = "$(TARGET_NAME)";
				SWIFT_EMIT_LOC_STRINGS = YES;
				SWIFT_VERSION = 5.0;
				TARGETED_DEVICE_FAMILY = "1,2";
			};
			name = Release;
		};
		08592B672752F803006E830C /* Debug */ = {
			isa = XCBuildConfiguration;
			buildSettings = {
				ASSETCATALOG_COMPILER_COMPLICATION_NAME = Complication;
				CODE_SIGN_STYLE = Automatic;
				CURRENT_PROJECT_VERSION = 1;
				DEVELOPMENT_ASSET_PATHS = "\"ComunicationLabWatch WatchKit Extension/Preview Content\"";
				DEVELOPMENT_TEAM = CPX7FN2K89;
				ENABLE_PREVIEWS = YES;
				GENERATE_INFOPLIST_FILE = YES;
				INFOPLIST_FILE = "ComunicationLabWatch WatchKit Extension/Info.plist";
				INFOPLIST_KEY_CFBundleDisplayName = "ComunicationLabWatch WatchKit Extension";
				INFOPLIST_KEY_CLKComplicationPrincipalClass = "$(PRODUCT_MODULE_NAME).ComplicationController";
				INFOPLIST_KEY_NSHumanReadableCopyright = "";
				LD_RUNPATH_SEARCH_PATHS = (
					"$(inherited)",
					"@executable_path/Frameworks",
					"@executable_path/../../Frameworks",
				);
				MARKETING_VERSION = 1.0;
				PRODUCT_BUNDLE_IDENTIFIER = dev.erikflores.ComunicationLab.watchkitapp.watchkitextension;
				PRODUCT_NAME = "${TARGET_NAME}";
				SDKROOT = watchos;
				SKIP_INSTALL = YES;
				SWIFT_EMIT_LOC_STRINGS = YES;
				SWIFT_VERSION = 5.0;
				TARGETED_DEVICE_FAMILY = 4;
				WATCHOS_DEPLOYMENT_TARGET = 8.0;
			};
			name = Debug;
		};
		08592B682752F803006E830C /* Release */ = {
			isa = XCBuildConfiguration;
			buildSettings = {
				ASSETCATALOG_COMPILER_COMPLICATION_NAME = Complication;
				CODE_SIGN_STYLE = Automatic;
				CURRENT_PROJECT_VERSION = 1;
				DEVELOPMENT_ASSET_PATHS = "\"ComunicationLabWatch WatchKit Extension/Preview Content\"";
				DEVELOPMENT_TEAM = CPX7FN2K89;
				ENABLE_PREVIEWS = YES;
				GENERATE_INFOPLIST_FILE = YES;
				INFOPLIST_FILE = "ComunicationLabWatch WatchKit Extension/Info.plist";
				INFOPLIST_KEY_CFBundleDisplayName = "ComunicationLabWatch WatchKit Extension";
				INFOPLIST_KEY_CLKComplicationPrincipalClass = "$(PRODUCT_MODULE_NAME).ComplicationController";
				INFOPLIST_KEY_NSHumanReadableCopyright = "";
				LD_RUNPATH_SEARCH_PATHS = (
					"$(inherited)",
					"@executable_path/Frameworks",
					"@executable_path/../../Frameworks",
				);
				MARKETING_VERSION = 1.0;
				PRODUCT_BUNDLE_IDENTIFIER = dev.erikflores.ComunicationLab.watchkitapp.watchkitextension;
				PRODUCT_NAME = "${TARGET_NAME}";
				SDKROOT = watchos;
				SKIP_INSTALL = YES;
				SWIFT_EMIT_LOC_STRINGS = YES;
				SWIFT_VERSION = 5.0;
				TARGETED_DEVICE_FAMILY = 4;
				WATCHOS_DEPLOYMENT_TARGET = 8.0;
			};
			name = Release;
		};
		08592B6B2752F803006E830C /* Debug */ = {
			isa = XCBuildConfiguration;
			buildSettings = {
				ALWAYS_EMBED_SWIFT_STANDARD_LIBRARIES = YES;
				ASSETCATALOG_COMPILER_APPICON_NAME = AppIcon;
				ASSETCATALOG_COMPILER_GLOBAL_ACCENT_COLOR_NAME = AccentColor;
				CODE_SIGN_STYLE = Automatic;
				CURRENT_PROJECT_VERSION = 1;
				DEVELOPMENT_TEAM = CPX7FN2K89;
				GENERATE_INFOPLIST_FILE = YES;
				IBSC_MODULE = ComunicationLabWatch_WatchKit_Extension;
				INFOPLIST_KEY_CFBundleDisplayName = ComunicationLabWatch;
				INFOPLIST_KEY_UISupportedInterfaceOrientations = "UIInterfaceOrientationPortrait UIInterfaceOrientationPortraitUpsideDown";
				INFOPLIST_KEY_WKCompanionAppBundleIdentifier = dev.erikflores.ComunicationLab;
				MARKETING_VERSION = 1.0;
				PRODUCT_BUNDLE_IDENTIFIER = dev.erikflores.ComunicationLab.watchkitapp;
				PRODUCT_NAME = "$(TARGET_NAME)";
				SDKROOT = watchos;
				SKIP_INSTALL = YES;
				SWIFT_EMIT_LOC_STRINGS = YES;
				SWIFT_VERSION = 5.0;
				TARGETED_DEVICE_FAMILY = 4;
				WATCHOS_DEPLOYMENT_TARGET = 8.0;
			};
			name = Debug;
		};
		08592B6C2752F803006E830C /* Release */ = {
			isa = XCBuildConfiguration;
			buildSettings = {
				ALWAYS_EMBED_SWIFT_STANDARD_LIBRARIES = YES;
				ASSETCATALOG_COMPILER_APPICON_NAME = AppIcon;
				ASSETCATALOG_COMPILER_GLOBAL_ACCENT_COLOR_NAME = AccentColor;
				CODE_SIGN_STYLE = Automatic;
				CURRENT_PROJECT_VERSION = 1;
				DEVELOPMENT_TEAM = CPX7FN2K89;
				GENERATE_INFOPLIST_FILE = YES;
				IBSC_MODULE = ComunicationLabWatch_WatchKit_Extension;
				INFOPLIST_KEY_CFBundleDisplayName = ComunicationLabWatch;
				INFOPLIST_KEY_UISupportedInterfaceOrientations = "UIInterfaceOrientationPortrait UIInterfaceOrientationPortraitUpsideDown";
				INFOPLIST_KEY_WKCompanionAppBundleIdentifier = dev.erikflores.ComunicationLab;
				MARKETING_VERSION = 1.0;
				PRODUCT_BUNDLE_IDENTIFIER = dev.erikflores.ComunicationLab.watchkitapp;
				PRODUCT_NAME = "$(TARGET_NAME)";
				SDKROOT = watchos;
				SKIP_INSTALL = YES;
				SWIFT_EMIT_LOC_STRINGS = YES;
				SWIFT_VERSION = 5.0;
				TARGETED_DEVICE_FAMILY = 4;
				WATCHOS_DEPLOYMENT_TARGET = 8.0;
			};
			name = Release;
		};
/* End XCBuildConfiguration section */

/* Begin XCConfigurationList section */
		08592B2D2752F53A006E830C /* Build configuration list for PBXProject "ComunicationLab" */ = {
			isa = XCConfigurationList;
			buildConfigurations = (
				08592B432752F53B006E830C /* Debug */,
				08592B442752F53B006E830C /* Release */,
			);
			defaultConfigurationIsVisible = 0;
			defaultConfigurationName = Release;
		};
		08592B452752F53B006E830C /* Build configuration list for PBXNativeTarget "ComunicationLab" */ = {
			isa = XCConfigurationList;
			buildConfigurations = (
				08592B462752F53B006E830C /* Debug */,
				08592B472752F53B006E830C /* Release */,
			);
			defaultConfigurationIsVisible = 0;
			defaultConfigurationName = Release;
		};
		08592B662752F803006E830C /* Build configuration list for PBXNativeTarget "ComunicationLabWatch WatchKit Extension" */ = {
			isa = XCConfigurationList;
			buildConfigurations = (
				08592B672752F803006E830C /* Debug */,
				08592B682752F803006E830C /* Release */,
			);
			defaultConfigurationIsVisible = 0;
			defaultConfigurationName = Release;
		};
		08592B6A2752F803006E830C /* Build configuration list for PBXNativeTarget "ComunicationLabWatch" */ = {
			isa = XCConfigurationList;
			buildConfigurations = (
				08592B6B2752F803006E830C /* Debug */,
				08592B6C2752F803006E830C /* Release */,
			);
			defaultConfigurationIsVisible = 0;
			defaultConfigurationName = Release;
		};
/* End XCConfigurationList section */

/* Begin XCVersionGroup section */
		08592B402752F53B006E830C /* ComunicationLab.xcdatamodeld */ = {
			isa = XCVersionGroup;
			children = (
				08592B412752F53B006E830C /* ComunicationLab.xcdatamodel */,
			);
			currentVersion = 08592B412752F53B006E830C /* ComunicationLab.xcdatamodel */;
			path = ComunicationLab.xcdatamodeld;
			sourceTree = "<group>";
			versionGroupType = wrapper.xcdatamodel;
		};
/* End XCVersionGroup section */
	};
	rootObject = 08592B2A2752F53A006E830C /* Project object */;
}
